// !$*UTF8*$!
{
	archiveVersion = 1;
	classes = {
	};
	objectVersion = 77;
	objects = {

/* Begin PBXBuildFile section */
		19F4F9C22E9948E40019168D /* UpgradePromptView.swift in Sources */ = {isa = PBXBuildFile; fileRef = 19F4F9A52E9948E40019168D /* UpgradePromptView.swift */; };
		19F4F9CA2E9948E40019168D /* StringExtensions.swift in Sources */ = {isa = PBXBuildFile; fileRef = 19F4F96A2E9948E40019168D /* StringExtensions.swift */; };
		19F4F9CB2E9948E40019168D /* PaywallView.swift in Sources */ = {isa = PBXBuildFile; fileRef = 19F4F9AA2E9948E40019168D /* PaywallView.swift */; };
		19F4F9CF2E9948E40019168D /* ContentUnavailableView.swift in Sources */ = {isa = PBXBuildFile; fileRef = 19F4F9992E9948E40019168D /* ContentUnavailableView.swift */; };
		19F4F9D02E9948E40019168D /* CircularCountdownView.swift in Sources */ = {isa = PBXBuildFile; fileRef = 19F4F9982E9948E40019168D /* CircularCountdownView.swift */; };
		19F4F9D22E9948E40019168D /* ContentView.swift in Sources */ = {isa = PBXBuildFile; fileRef = 19F4F9642E9948E40019168D /* ContentView.swift */; };
		19F4F9D32E9948E40019168D /* SignSimplePDFApp.swift in Sources */ = {isa = PBXBuildFile; fileRef = 19F4F9652E9948E40019168D /* SignSimplePDFApp.swift */; };
		19F4F9D42E9948E40019168D /* AppTheme.swift in Sources */ = {isa = PBXBuildFile; fileRef = 19F4F9902E9948E40019168D /* AppTheme.swift */; };
		19F4F9D52E9948E40019168D /* PremiumFeatureBadge.swift in Sources */ = {isa = PBXBuildFile; fileRef = 19F4F9A32E9948E40019168D /* PremiumFeatureBadge.swift */; };
		19F4F9D72E9948E40019168D /* OnboardingCoordinator.swift in Sources */ = {isa = PBXBuildFile; fileRef = 19F4F9A72E9948E40019168D /* OnboardingCoordinator.swift */; };
		19F4F9D92E9948E40019168D /* ErrorHandling.swift in Sources */ = {isa = PBXBuildFile; fileRef = 19F4F9922E9948E40019168D /* ErrorHandling.swift */; };
		19F4F9DA2E9948E40019168D /* HapticManager.swift in Sources */ = {isa = PBXBuildFile; fileRef = 19F4F9712E9948E40019168D /* HapticManager.swift */; };
		19F4F9DC2E9948E40019168D /* DataModel.xcdatamodeld in Sources */ = {isa = PBXBuildFile; fileRef = 19F4F9672E9948E40019168D /* DataModel.xcdatamodeld */; };
		19F4F9DD2E9948E40019168D /* MemoryManager.swift in Sources */ = {isa = PBXBuildFile; fileRef = 19F4F9932E9948E40019168D /* MemoryManager.swift */; };
		19F4F9E42E9948E40019168D /* PersistenceController.swift in Sources */ = {isa = PBXBuildFile; fileRef = 19F4F9682E9948E40019168D /* PersistenceController.swift */; };
		19F4F9E62E9948E40019168D /* SafariView.swift in Sources */ = {isa = PBXBuildFile; fileRef = 19F4F9A42E9948E40019168D /* SafariView.swift */; };
		19F4F9E82E9948E40019168D /* LoadingStateView.swift in Sources */ = {isa = PBXBuildFile; fileRef = 19F4F9A02E9948E40019168D /* LoadingStateView.swift */; };
		19F4F9EA2E9948E40019168D /* ProductSelectionCard.swift in Sources */ = {isa = PBXBuildFile; fileRef = 19F4F9AB2E9948E40019168D /* ProductSelectionCard.swift */; };
		19F4F9EC2E9948E40019168D /* SubscriptionManager.swift in Sources */ = {isa = PBXBuildFile; fileRef = 19F4F9742E9948E40019168D /* SubscriptionManager.swift */; };
		19F4F9EE2E9948E40019168D /* ReviewRequestManager.swift in Sources */ = {isa = PBXBuildFile; fileRef = 19F4F9722E9948E40019168D /* ReviewRequestManager.swift */; };
		19F4F9EF2E9948E40019168D /* EmptyStateView.swift in Sources */ = {isa = PBXBuildFile; fileRef = 19F4F99E2E9948E40019168D /* EmptyStateView.swift */; };
		19F4F9F02E9948E40019168D /* DocumentManager.swift in Sources */ = {isa = PBXBuildFile; fileRef = 19F4F96E2E9948E40019168D /* DocumentManager.swift */; };
		19F4F9F32E9948E40019168D /* OnboardingView.swift in Sources */ = {isa = PBXBuildFile; fileRef = 19F4F9A82E9948E40019168D /* OnboardingView.swift */; };
		19F4F9F92E9948E40019168D /* DocumentPicker.swift in Sources */ = {isa = PBXBuildFile; fileRef = 19F4F99B2E9948E40019168D /* DocumentPicker.swift */; };
		19F4F9FF2E9948E40019168D /* ButtonStyles.swift in Sources */ = {isa = PBXBuildFile; fileRef = 19F4F9972E9948E40019168D /* ButtonStyles.swift */; };
		19F4FA022E9948E40019168D /* ImagePicker.swift in Sources */ = {isa = PBXBuildFile; fileRef = 19F4F99F2E9948E40019168D /* ImagePicker.swift */; };
		19F4FA032E9948E40019168D /* DocumentCameraView.swift in Sources */ = {isa = PBXBuildFile; fileRef = 19F4F99A2E9948E40019168D /* DocumentCameraView.swift */; };
		19F4FA042E9948E40019168D /* LaunchScreen.storyboard in Resources */ = {isa = PBXBuildFile; fileRef = 19F4F9BC2E9948E40019168D /* LaunchScreen.storyboard */; };
		19F4FA062E9948E40019168D /* AppStoreMetadata.md in Resources */ = {isa = PBXBuildFile; fileRef = 19F4F9B82E9948E40019168D /* AppStoreMetadata.md */; };
		19F4FA072E9948E40019168D /* Preview Assets.xcassets in Resources */ = {isa = PBXBuildFile; fileRef = 19F4F98E2E9948E40019168D /* Preview Assets.xcassets */; };
		19F4FA082E9948E40019168D /* Assets.xcassets in Resources */ = {isa = PBXBuildFile; fileRef = 19F4F9B92E9948E40019168D /* Assets.xcassets */; };
		19F4FA092E9948E40019168D /* PrivacyInfo.xcprivacy in Resources */ = {isa = PBXBuildFile; fileRef = 19F4F9BD2E9948E40019168D /* PrivacyInfo.xcprivacy */; };
		19F4FA0A2E9948E40019168D /* Configuration.storekit in Resources */ = {isa = PBXBuildFile; fileRef = 19F4F9BA2E9948E40019168D /* Configuration.storekit */; };
/* End PBXBuildFile section */

/* Begin PBXContainerItemProxy section */
		19178A8D2E81F6D8004D0154 /* PBXContainerItemProxy */ = {
			isa = PBXContainerItemProxy;
			containerPortal = 19178A722E81F6D6004D0154 /* Project object */;
			proxyType = 1;
			remoteGlobalIDString = 19178A792E81F6D6004D0154;
			remoteInfo = SimpleSignPDF;
		};
		19178A972E81F6D8004D0154 /* PBXContainerItemProxy */ = {
			isa = PBXContainerItemProxy;
			containerPortal = 19178A722E81F6D6004D0154 /* Project object */;
			proxyType = 1;
			remoteGlobalIDString = 19178A792E81F6D6004D0154;
			remoteInfo = SimpleSignPDF;
		};
/* End PBXContainerItemProxy section */

/* Begin PBXFileReference section */
		19178A7A2E81F6D6004D0154 /* SimpleSignPDF.app */ = {isa = PBXFileReference; explicitFileType = wrapper.application; includeInIndex = 0; path = SimpleSignPDF.app; sourceTree = BUILT_PRODUCTS_DIR; };
		19178A8C2E81F6D8004D0154 /* SimpleSignPDFTests.xctest */ = {isa = PBXFileReference; explicitFileType = wrapper.cfbundle; includeInIndex = 0; path = SimpleSignPDFTests.xctest; sourceTree = BUILT_PRODUCTS_DIR; };
		19178A962E81F6D8004D0154 /* SimpleSignPDFUITests.xctest */ = {isa = PBXFileReference; explicitFileType = wrapper.cfbundle; includeInIndex = 0; path = SimpleSignPDFUITests.xctest; sourceTree = BUILT_PRODUCTS_DIR; };
		19F4F9642E9948E40019168D /* ContentView.swift */ = {isa = PBXFileReference; lastKnownFileType = sourcecode.swift; path = ContentView.swift; sourceTree = "<group>"; };
		19F4F9652E9948E40019168D /* SignSimplePDFApp.swift */ = {isa = PBXFileReference; lastKnownFileType = sourcecode.swift; path = SignSimplePDFApp.swift; sourceTree = "<group>"; };
		19F4F9682E9948E40019168D /* PersistenceController.swift */ = {isa = PBXFileReference; lastKnownFileType = sourcecode.swift; path = PersistenceController.swift; sourceTree = "<group>"; };
		19F4F96A2E9948E40019168D /* StringExtensions.swift */ = {isa = PBXFileReference; lastKnownFileType = sourcecode.swift; path = StringExtensions.swift; sourceTree = "<group>"; };
		19F4F96E2E9948E40019168D /* DocumentManager.swift */ = {isa = PBXFileReference; lastKnownFileType = sourcecode.swift; path = DocumentManager.swift; sourceTree = "<group>"; };
		19F4F9712E9948E40019168D /* HapticManager.swift */ = {isa = PBXFileReference; lastKnownFileType = sourcecode.swift; path = HapticManager.swift; sourceTree = "<group>"; };
		19F4F9722E9948E40019168D /* ReviewRequestManager.swift */ = {isa = PBXFileReference; lastKnownFileType = sourcecode.swift; path = ReviewRequestManager.swift; sourceTree = "<group>"; };
		19F4F9742E9948E40019168D /* SubscriptionManager.swift */ = {isa = PBXFileReference; lastKnownFileType = sourcecode.swift; path = SubscriptionManager.swift; sourceTree = "<group>"; };
		19F4F98E2E9948E40019168D /* Preview Assets.xcassets */ = {isa = PBXFileReference; lastKnownFileType = folder.assetcatalog; path = "Preview Assets.xcassets"; sourceTree = "<group>"; };
		19F4F9902E9948E40019168D /* AppTheme.swift */ = {isa = PBXFileReference; lastKnownFileType = sourcecode.swift; path = AppTheme.swift; sourceTree = "<group>"; };
		19F4F9922E9948E40019168D /* ErrorHandling.swift */ = {isa = PBXFileReference; lastKnownFileType = sourcecode.swift; path = ErrorHandling.swift; sourceTree = "<group>"; };
		19F4F9932E9948E40019168D /* MemoryManager.swift */ = {isa = PBXFileReference; lastKnownFileType = sourcecode.swift; path = MemoryManager.swift; sourceTree = "<group>"; };
		19F4F9972E9948E40019168D /* ButtonStyles.swift */ = {isa = PBXFileReference; lastKnownFileType = sourcecode.swift; path = ButtonStyles.swift; sourceTree = "<group>"; };
		19F4F9982E9948E40019168D /* CircularCountdownView.swift */ = {isa = PBXFileReference; lastKnownFileType = sourcecode.swift; path = CircularCountdownView.swift; sourceTree = "<group>"; };
		19F4F9992E9948E40019168D /* ContentUnavailableView.swift */ = {isa = PBXFileReference; lastKnownFileType = sourcecode.swift; path = ContentUnavailableView.swift; sourceTree = "<group>"; };
		19F4F99A2E9948E40019168D /* DocumentCameraView.swift */ = {isa = PBXFileReference; lastKnownFileType = sourcecode.swift; path = DocumentCameraView.swift; sourceTree = "<group>"; };
		19F4F99B2E9948E40019168D /* DocumentPicker.swift */ = {isa = PBXFileReference; lastKnownFileType = sourcecode.swift; path = DocumentPicker.swift; sourceTree = "<group>"; };
		19F4F99E2E9948E40019168D /* EmptyStateView.swift */ = {isa = PBXFileReference; lastKnownFileType = sourcecode.swift; path = EmptyStateView.swift; sourceTree = "<group>"; };
		19F4F99F2E9948E40019168D /* ImagePicker.swift */ = {isa = PBXFileReference; lastKnownFileType = sourcecode.swift; path = ImagePicker.swift; sourceTree = "<group>"; };
		19F4F9A02E9948E40019168D /* LoadingStateView.swift */ = {isa = PBXFileReference; lastKnownFileType = sourcecode.swift; path = LoadingStateView.swift; sourceTree = "<group>"; };
		19F4F9A32E9948E40019168D /* PremiumFeatureBadge.swift */ = {isa = PBXFileReference; lastKnownFileType = sourcecode.swift; path = PremiumFeatureBadge.swift; sourceTree = "<group>"; };
		19F4F9A42E9948E40019168D /* SafariView.swift */ = {isa = PBXFileReference; lastKnownFileType = sourcecode.swift; path = SafariView.swift; sourceTree = "<group>"; };
		19F4F9A52E9948E40019168D /* UpgradePromptView.swift */ = {isa = PBXFileReference; lastKnownFileType = sourcecode.swift; path = UpgradePromptView.swift; sourceTree = "<group>"; };
		19F4F9A72E9948E40019168D /* OnboardingCoordinator.swift */ = {isa = PBXFileReference; lastKnownFileType = sourcecode.swift; path = OnboardingCoordinator.swift; sourceTree = "<group>"; };
		19F4F9A82E9948E40019168D /* OnboardingView.swift */ = {isa = PBXFileReference; lastKnownFileType = sourcecode.swift; path = OnboardingView.swift; sourceTree = "<group>"; };
		19F4F9AA2E9948E40019168D /* PaywallView.swift */ = {isa = PBXFileReference; lastKnownFileType = sourcecode.swift; path = PaywallView.swift; sourceTree = "<group>"; };
		19F4F9AB2E9948E40019168D /* ProductSelectionCard.swift */ = {isa = PBXFileReference; lastKnownFileType = sourcecode.swift; path = ProductSelectionCard.swift; sourceTree = "<group>"; };
		19F4F9B82E9948E40019168D /* AppStoreMetadata.md */ = {isa = PBXFileReference; lastKnownFileType = net.daringfireball.markdown; path = AppStoreMetadata.md; sourceTree = "<group>"; };
		19F4F9B92E9948E40019168D /* Assets.xcassets */ = {isa = PBXFileReference; lastKnownFileType = folder.assetcatalog; path = Assets.xcassets; sourceTree = "<group>"; };
		19F4F9BA2E9948E40019168D /* Configuration.storekit */ = {isa = PBXFileReference; lastKnownFileType = text; path = Configuration.storekit; sourceTree = "<group>"; };
		19F4F9BB2E9948E40019168D /* Info.plist */ = {isa = PBXFileReference; lastKnownFileType = text.plist.xml; path = Info.plist; sourceTree = "<group>"; };
		19F4F9BC2E9948E40019168D /* LaunchScreen.storyboard */ = {isa = PBXFileReference; lastKnownFileType = file.storyboard; path = LaunchScreen.storyboard; sourceTree = "<group>"; };
		19F4F9BD2E9948E40019168D /* PrivacyInfo.xcprivacy */ = {isa = PBXFileReference; lastKnownFileType = text.xml; path = PrivacyInfo.xcprivacy; sourceTree = "<group>"; };
		19F4F9BF2E9948E40019168D /* PDFCoordinateConverterTests.swift */ = {isa = PBXFileReference; lastKnownFileType = sourcecode.swift; path = PDFCoordinateConverterTests.swift; sourceTree = "<group>"; };
		19F4F9C12E9948E40019168D /* DataModel.xcdatamodel */ = {isa = PBXFileReference; lastKnownFileType = wrapper.xcdatamodel; path = DataModel.xcdatamodel; sourceTree = "<group>"; };
/* End PBXFileReference section */

/* Begin PBXFrameworksBuildPhase section */
		19178A772E81F6D6004D0154 /* Frameworks */ = {
			isa = PBXFrameworksBuildPhase;
			buildActionMask = 2147483647;
			files = (
			);
			runOnlyForDeploymentPostprocessing = 0;
		};
		19178A892E81F6D8004D0154 /* Frameworks */ = {
			isa = PBXFrameworksBuildPhase;
			buildActionMask = 2147483647;
			files = (
			);
			runOnlyForDeploymentPostprocessing = 0;
		};
		19178A932E81F6D8004D0154 /* Frameworks */ = {
			isa = PBXFrameworksBuildPhase;
			buildActionMask = 2147483647;
			files = (
			);
			runOnlyForDeploymentPostprocessing = 0;
		};
/* End PBXFrameworksBuildPhase section */

/* Begin PBXGroup section */
		19178A712E81F6D6004D0154 = {
			isa = PBXGroup;
			children = (
				19178A7B2E81F6D6004D0154 /* Products */,
				19F4F9BE2E9948E40019168D /* SignSimplePDF */,
				19F4F9C02E9948E40019168D /* SignSimplePDFTests */,
			);
			sourceTree = "<group>";
		};
		19178A7B2E81F6D6004D0154 /* Products */ = {
			isa = PBXGroup;
			children = (
				19178A7A2E81F6D6004D0154 /* SimpleSignPDF.app */,
				19178A8C2E81F6D8004D0154 /* SimpleSignPDFTests.xctest */,
				19178A962E81F6D8004D0154 /* SimpleSignPDFUITests.xctest */,
			);
			name = Products;
			sourceTree = "<group>";
		};
		19F4F9662E9948E40019168D /* App */ = {
			isa = PBXGroup;
			children = (
				19F4F9642E9948E40019168D /* ContentView.swift */,
				19F4F9652E9948E40019168D /* SignSimplePDFApp.swift */,
			);
			path = App;
			sourceTree = "<group>";
		};
		19F4F9692E9948E40019168D /* Core Data */ = {
			isa = PBXGroup;
			children = (
				19F4F9672E9948E40019168D /* DataModel.xcdatamodeld */,
				19F4F9682E9948E40019168D /* PersistenceController.swift */,
			);
			path = "Core Data";
			sourceTree = "<group>";
		};
		19F4F96B2E9948E40019168D /* Extensions */ = {
			isa = PBXGroup;
			children = (
				19F4F96A2E9948E40019168D /* StringExtensions.swift */,
			);
			path = Extensions;
			sourceTree = "<group>";
		};
		19F4F9752E9948E40019168D /* Managers */ = {
			isa = PBXGroup;
			children = (
				19F4F96E2E9948E40019168D /* DocumentManager.swift */,
				19F4F9712E9948E40019168D /* HapticManager.swift */,
				19F4F9722E9948E40019168D /* ReviewRequestManager.swift */,
				19F4F9742E9948E40019168D /* SubscriptionManager.swift */,
			);
			path = Managers;
			sourceTree = "<group>";
		};
		19F4F98F2E9948E40019168D /* Preview Content */ = {
			isa = PBXGroup;
			children = (
				19F4F98E2E9948E40019168D /* Preview Assets.xcassets */,
			);
			path = "Preview Content";
			sourceTree = "<group>";
		};
		19F4F9912E9948E40019168D /* Theme */ = {
			isa = PBXGroup;
			children = (
				19F4F9902E9948E40019168D /* AppTheme.swift */,
			);
			path = Theme;
			sourceTree = "<group>";
		};
		19F4F9962E9948E40019168D /* Utilities */ = {
			isa = PBXGroup;
			children = (
				19F4F9922E9948E40019168D /* ErrorHandling.swift */,
				19F4F9932E9948E40019168D /* MemoryManager.swift */,
			);
			path = Utilities;
			sourceTree = "<group>";
		};
		19F4F9A62E9948E40019168D /* Components */ = {
			isa = PBXGroup;
			children = (
				19F4F9972E9948E40019168D /* ButtonStyles.swift */,
				19F4F9982E9948E40019168D /* CircularCountdownView.swift */,
				19F4F9992E9948E40019168D /* ContentUnavailableView.swift */,
				19F4F99A2E9948E40019168D /* DocumentCameraView.swift */,
				19F4F99B2E9948E40019168D /* DocumentPicker.swift */,
				19F4F99E2E9948E40019168D /* EmptyStateView.swift */,
				19F4F99F2E9948E40019168D /* ImagePicker.swift */,
				19F4F9A02E9948E40019168D /* LoadingStateView.swift */,
				19F4F9A32E9948E40019168D /* PremiumFeatureBadge.swift */,
				19F4F9A42E9948E40019168D /* SafariView.swift */,
				19F4F9A52E9948E40019168D /* UpgradePromptView.swift */,
			);
			path = Components;
			sourceTree = "<group>";
		};
		19F4F9A92E9948E40019168D /* Onboarding */ = {
			isa = PBXGroup;
			children = (
				19F4F9A72E9948E40019168D /* OnboardingCoordinator.swift */,
				19F4F9A82E9948E40019168D /* OnboardingView.swift */,
			);
			path = Onboarding;
			sourceTree = "<group>";
		};
		19F4F9AC2E9948E40019168D /* Paywall */ = {
			isa = PBXGroup;
			children = (
				19F4F9AA2E9948E40019168D /* PaywallView.swift */,
				19F4F9AB2E9948E40019168D /* ProductSelectionCard.swift */,
			);
			path = Paywall;
			sourceTree = "<group>";
		};
		19F4F9B72E9948E40019168D /* Views */ = {
			isa = PBXGroup;
			children = (
				19F4F9A62E9948E40019168D /* Components */,
				19F4F9A92E9948E40019168D /* Onboarding */,
				19F4F9AC2E9948E40019168D /* Paywall */,
			);
			path = Views;
			sourceTree = "<group>";
		};
		19F4F9BE2E9948E40019168D /* SignSimplePDF */ = {
			isa = PBXGroup;
			children = (
				19F4F9662E9948E40019168D /* App */,
				19F4F9692E9948E40019168D /* Core Data */,
				19F4F96B2E9948E40019168D /* Extensions */,
				19F4F9752E9948E40019168D /* Managers */,
				19F4F98F2E9948E40019168D /* Preview Content */,
				19F4F9912E9948E40019168D /* Theme */,
				19F4F9962E9948E40019168D /* Utilities */,
				19F4F9B72E9948E40019168D /* Views */,
				19F4F9B82E9948E40019168D /* AppStoreMetadata.md */,
				19F4F9B92E9948E40019168D /* Assets.xcassets */,
				19F4F9BA2E9948E40019168D /* Configuration.storekit */,
				19F4F9BB2E9948E40019168D /* Info.plist */,
				19F4F9BC2E9948E40019168D /* LaunchScreen.storyboard */,
				19F4F9BD2E9948E40019168D /* PrivacyInfo.xcprivacy */,
			);
			path = SignSimplePDF;
			sourceTree = "<group>";
		};
		19F4F9C02E9948E40019168D /* SignSimplePDFTests */ = {
			isa = PBXGroup;
			children = (
				19F4F9BF2E9948E40019168D /* PDFCoordinateConverterTests.swift */,
			);
			path = SignSimplePDFTests;
			sourceTree = "<group>";
		};
/* End PBXGroup section */

/* Begin PBXNativeTarget section */
		19178A792E81F6D6004D0154 /* SimpleSignPDF */ = {
			isa = PBXNativeTarget;
			buildConfigurationList = 19178AA02E81F6D8004D0154 /* Build configuration list for PBXNativeTarget "SimpleSignPDF" */;
			buildPhases = (
				19178A762E81F6D6004D0154 /* Sources */,
				19178A772E81F6D6004D0154 /* Frameworks */,
				19178A782E81F6D6004D0154 /* Resources */,
			);
			buildRules = (
			);
			dependencies = (
			);
			name = SimpleSignPDF;
			packageProductDependencies = (
			);
			productName = SimpleSignPDF;
			productReference = 19178A7A2E81F6D6004D0154 /* SimpleSignPDF.app */;
			productType = "com.apple.product-type.application";
		};
		19178A8B2E81F6D8004D0154 /* SimpleSignPDFTests */ = {
			isa = PBXNativeTarget;
			buildConfigurationList = 19178AA32E81F6D8004D0154 /* Build configuration list for PBXNativeTarget "SimpleSignPDFTests" */;
			buildPhases = (
				19178A882E81F6D8004D0154 /* Sources */,
				19178A892E81F6D8004D0154 /* Frameworks */,
				19178A8A2E81F6D8004D0154 /* Resources */,
			);
			buildRules = (
			);
			dependencies = (
				19178A8E2E81F6D8004D0154 /* PBXTargetDependency */,
			);
			name = SimpleSignPDFTests;
			packageProductDependencies = (
			);
			productName = SimpleSignPDFTests;
			productReference = 19178A8C2E81F6D8004D0154 /* SimpleSignPDFTests.xctest */;
			productType = "com.apple.product-type.bundle.unit-test";
		};
		19178A952E81F6D8004D0154 /* SimpleSignPDFUITests */ = {
			isa = PBXNativeTarget;
			buildConfigurationList = 19178AA62E81F6D8004D0154 /* Build configuration list for PBXNativeTarget "SimpleSignPDFUITests" */;
			buildPhases = (
				19178A922E81F6D8004D0154 /* Sources */,
				19178A932E81F6D8004D0154 /* Frameworks */,
				19178A942E81F6D8004D0154 /* Resources */,
			);
			buildRules = (
			);
			dependencies = (
				19178A982E81F6D8004D0154 /* PBXTargetDependency */,
			);
			name = SimpleSignPDFUITests;
			packageProductDependencies = (
			);
			productName = SimpleSignPDFUITests;
			productReference = 19178A962E81F6D8004D0154 /* SimpleSignPDFUITests.xctest */;
			productType = "com.apple.product-type.bundle.ui-testing";
		};
/* End PBXNativeTarget section */

/* Begin PBXProject section */
		19178A722E81F6D6004D0154 /* Project object */ = {
			isa = PBXProject;
			attributes = {
				BuildIndependentTargetsInParallel = 1;
				LastSwiftUpdateCheck = 1620;
				LastUpgradeCheck = 1620;
				TargetAttributes = {
					19178A792E81F6D6004D0154 = {
						CreatedOnToolsVersion = 16.2;
					};
					19178A8B2E81F6D8004D0154 = {
						CreatedOnToolsVersion = 16.2;
						TestTargetID = 19178A792E81F6D6004D0154;
					};
					19178A952E81F6D8004D0154 = {
						CreatedOnToolsVersion = 16.2;
						TestTargetID = 19178A792E81F6D6004D0154;
					};
				};
			};
			buildConfigurationList = 19178A752E81F6D6004D0154 /* Build configuration list for PBXProject "SignSimplePDF" */;
			developmentRegion = en;
			hasScannedForEncodings = 0;
			knownRegions = (
				en,
				Base,
			);
			mainGroup = 19178A712E81F6D6004D0154;
			minimizedProjectReferenceProxies = 1;
			preferredProjectObjectVersion = 77;
			productRefGroup = 19178A7B2E81F6D6004D0154 /* Products */;
			projectDirPath = "";
			projectRoot = "";
			targets = (
				19178A792E81F6D6004D0154 /* SimpleSignPDF */,
				19178A8B2E81F6D8004D0154 /* SimpleSignPDFTests */,
				19178A952E81F6D8004D0154 /* SimpleSignPDFUITests */,
			);
		};
/* End PBXProject section */

/* Begin PBXResourcesBuildPhase section */
		19178A782E81F6D6004D0154 /* Resources */ = {
			isa = PBXResourcesBuildPhase;
			buildActionMask = 2147483647;
			files = (
				19F4FA042E9948E40019168D /* LaunchScreen.storyboard in Resources */,
				19F4FA062E9948E40019168D /* AppStoreMetadata.md in Resources */,
				19F4FA072E9948E40019168D /* Preview Assets.xcassets in Resources */,
				19F4FA082E9948E40019168D /* Assets.xcassets in Resources */,
				19F4FA092E9948E40019168D /* PrivacyInfo.xcprivacy in Resources */,
				19F4FA0A2E9948E40019168D /* Configuration.storekit in Resources */,
			);
			runOnlyForDeploymentPostprocessing = 0;
		};
		19178A8A2E81F6D8004D0154 /* Resources */ = {
			isa = PBXResourcesBuildPhase;
			buildActionMask = 2147483647;
			files = (
			);
			runOnlyForDeploymentPostprocessing = 0;
		};
		19178A942E81F6D8004D0154 /* Resources */ = {
			isa = PBXResourcesBuildPhase;
			buildActionMask = 2147483647;
			files = (
			);
			runOnlyForDeploymentPostprocessing = 0;
		};
/* End PBXResourcesBuildPhase section */

/* Begin PBXSourcesBuildPhase section */
		19178A762E81F6D6004D0154 /* Sources */ = {
			isa = PBXSourcesBuildPhase;
			buildActionMask = 2147483647;
			files = (
				19F4F9C22E9948E40019168D /* UpgradePromptView.swift in Sources */,
				19F4F9CA2E9948E40019168D /* StringExtensions.swift in Sources */,
				19F4F9CB2E9948E40019168D /* PaywallView.swift in Sources */,
				19F4F9CF2E9948E40019168D /* ContentUnavailableView.swift in Sources */,
				19F4F9D02E9948E40019168D /* CircularCountdownView.swift in Sources */,
				19F4F9D22E9948E40019168D /* ContentView.swift in Sources */,
				19F4F9D32E9948E40019168D /* SignSimplePDFApp.swift in Sources */,
				19F4F9D42E9948E40019168D /* AppTheme.swift in Sources */,
				19F4F9D52E9948E40019168D /* PremiumFeatureBadge.swift in Sources */,
				19F4F9D72E9948E40019168D /* OnboardingCoordinator.swift in Sources */,
				19F4F9D92E9948E40019168D /* ErrorHandling.swift in Sources */,
				19F4F9DA2E9948E40019168D /* HapticManager.swift in Sources */,
				19F4F9DC2E9948E40019168D /* DataModel.xcdatamodeld in Sources */,
				19F4F9DD2E9948E40019168D /* MemoryManager.swift in Sources */,
				19F4F9E42E9948E40019168D /* PersistenceController.swift in Sources */,
				19F4F9E62E9948E40019168D /* SafariView.swift in Sources */,
				19F4F9E82E9948E40019168D /* LoadingStateView.swift in Sources */,
				19F4F9EA2E9948E40019168D /* ProductSelectionCard.swift in Sources */,
				19F4F9EC2E9948E40019168D /* SubscriptionManager.swift in Sources */,
				19F4F9EE2E9948E40019168D /* ReviewRequestManager.swift in Sources */,
				19F4F9EF2E9948E40019168D /* EmptyStateView.swift in Sources */,
				19F4F9F02E9948E40019168D /* DocumentManager.swift in Sources */,
				19F4F9F32E9948E40019168D /* OnboardingView.swift in Sources */,
				19F4F9F92E9948E40019168D /* DocumentPicker.swift in Sources */,
				19F4F9FF2E9948E40019168D /* ButtonStyles.swift in Sources */,
				19F4FA022E9948E40019168D /* ImagePicker.swift in Sources */,
				19F4FA032E9948E40019168D /* DocumentCameraView.swift in Sources */,
			);
			runOnlyForDeploymentPostprocessing = 0;
		};
		19178A882E81F6D8004D0154 /* Sources */ = {
			isa = PBXSourcesBuildPhase;
			buildActionMask = 2147483647;
			files = (
			);
			runOnlyForDeploymentPostprocessing = 0;
		};
		19178A922E81F6D8004D0154 /* Sources */ = {
			isa = PBXSourcesBuildPhase;
			buildActionMask = 2147483647;
			files = (
			);
			runOnlyForDeploymentPostprocessing = 0;
		};
/* End PBXSourcesBuildPhase section */

/* Begin PBXTargetDependency section */
		19178A8E2E81F6D8004D0154 /* PBXTargetDependency */ = {
			isa = PBXTargetDependency;
			target = 19178A792E81F6D6004D0154 /* SimpleSignPDF */;
			targetProxy = 19178A8D2E81F6D8004D0154 /* PBXContainerItemProxy */;
		};
		19178A982E81F6D8004D0154 /* PBXTargetDependency */ = {
			isa = PBXTargetDependency;
			target = 19178A792E81F6D6004D0154 /* SimpleSignPDF */;
			targetProxy = 19178A972E81F6D8004D0154 /* PBXContainerItemProxy */;
		};
/* End PBXTargetDependency section */

/* Begin XCBuildConfiguration section */
		19178A9E2E81F6D8004D0154 /* Debug */ = {
			isa = XCBuildConfiguration;
			buildSettings = {
				ALWAYS_SEARCH_USER_PATHS = NO;
				ASSETCATALOG_COMPILER_GENERATE_SWIFT_ASSET_SYMBOL_EXTENSIONS = YES;
				CLANG_ANALYZER_NONNULL = YES;
				CLANG_ANALYZER_NUMBER_OBJECT_CONVERSION = YES_AGGRESSIVE;
				CLANG_CXX_LANGUAGE_STANDARD = "gnu++20";
				CLANG_ENABLE_MODULES = YES;
				CLANG_ENABLE_OBJC_ARC = YES;
				CLANG_ENABLE_OBJC_WEAK = YES;
				CLANG_WARN_BLOCK_CAPTURE_AUTORELEASING = YES;
				CLANG_WARN_BOOL_CONVERSION = YES;
				CLANG_WARN_COMMA = YES;
				CLANG_WARN_CONSTANT_CONVERSION = YES;
				CLANG_WARN_DEPRECATED_OBJC_IMPLEMENTATIONS = YES;
				CLANG_WARN_DIRECT_OBJC_ISA_USAGE = YES_ERROR;
				CLANG_WARN_DOCUMENTATION_COMMENTS = YES;
				CLANG_WARN_EMPTY_BODY = YES;
				CLANG_WARN_ENUM_CONVERSION = YES;
				CLANG_WARN_INFINITE_RECURSION = YES;
				CLANG_WARN_INT_CONVERSION = YES;
				CLANG_WARN_NON_LITERAL_NULL_CONVERSION = YES;
				CLANG_WARN_OBJC_IMPLICIT_RETAIN_SELF = YES;
				CLANG_WARN_OBJC_LITERAL_CONVERSION = YES;
				CLANG_WARN_OBJC_ROOT_CLASS = YES_ERROR;
				CLANG_WARN_QUOTED_INCLUDE_IN_FRAMEWORK_HEADER = YES;
				CLANG_WARN_RANGE_LOOP_ANALYSIS = YES;
				CLANG_WARN_STRICT_PROTOTYPES = YES;
				CLANG_WARN_SUSPICIOUS_MOVE = YES;
				CLANG_WARN_UNGUARDED_AVAILABILITY = YES_AGGRESSIVE;
				CLANG_WARN_UNREACHABLE_CODE = YES;
				CLANG_WARN__DUPLICATE_METHOD_MATCH = YES;
				COPY_PHASE_STRIP = NO;
				DEBUG_INFORMATION_FORMAT = dwarf;
				ENABLE_STRICT_OBJC_MSGSEND = YES;
				ENABLE_TESTABILITY = YES;
				ENABLE_USER_SCRIPT_SANDBOXING = YES;
				GCC_C_LANGUAGE_STANDARD = gnu17;
				GCC_DYNAMIC_NO_PIC = NO;
				GCC_NO_COMMON_BLOCKS = YES;
				GCC_OPTIMIZATION_LEVEL = 0;
				GCC_PREPROCESSOR_DEFINITIONS = (
					"DEBUG=1",
					"$(inherited)",
				);
				GCC_WARN_64_TO_32_BIT_CONVERSION = YES;
				GCC_WARN_ABOUT_RETURN_TYPE = YES_ERROR;
				GCC_WARN_UNDECLARED_SELECTOR = YES;
				GCC_WARN_UNINITIALIZED_AUTOS = YES_AGGRESSIVE;
				GCC_WARN_UNUSED_FUNCTION = YES;
				GCC_WARN_UNUSED_VARIABLE = YES;
				IPHONEOS_DEPLOYMENT_TARGET = 18.2;
				LOCALIZATION_PREFERS_STRING_CATALOGS = YES;
				MTL_ENABLE_DEBUG_INFO = INCLUDE_SOURCE;
				MTL_FAST_MATH = YES;
				ONLY_ACTIVE_ARCH = YES;
				SDKROOT = iphoneos;
				SWIFT_ACTIVE_COMPILATION_CONDITIONS = "DEBUG $(inherited)";
				SWIFT_OPTIMIZATION_LEVEL = "-Onone";
			};
			name = Debug;
		};
		19178A9F2E81F6D8004D0154 /* Release */ = {
			isa = XCBuildConfiguration;
			buildSettings = {
				ALWAYS_SEARCH_USER_PATHS = NO;
				ASSETCATALOG_COMPILER_GENERATE_SWIFT_ASSET_SYMBOL_EXTENSIONS = YES;
				CLANG_ANALYZER_NONNULL = YES;
				CLANG_ANALYZER_NUMBER_OBJECT_CONVERSION = YES_AGGRESSIVE;
				CLANG_CXX_LANGUAGE_STANDARD = "gnu++20";
				CLANG_ENABLE_MODULES = YES;
				CLANG_ENABLE_OBJC_ARC = YES;
				CLANG_ENABLE_OBJC_WEAK = YES;
				CLANG_WARN_BLOCK_CAPTURE_AUTORELEASING = YES;
				CLANG_WARN_BOOL_CONVERSION = YES;
				CLANG_WARN_COMMA = YES;
				CLANG_WARN_CONSTANT_CONVERSION = YES;
				CLANG_WARN_DEPRECATED_OBJC_IMPLEMENTATIONS = YES;
				CLANG_WARN_DIRECT_OBJC_ISA_USAGE = YES_ERROR;
				CLANG_WARN_DOCUMENTATION_COMMENTS = YES;
				CLANG_WARN_EMPTY_BODY = YES;
				CLANG_WARN_ENUM_CONVERSION = YES;
				CLANG_WARN_INFINITE_RECURSION = YES;
				CLANG_WARN_INT_CONVERSION = YES;
				CLANG_WARN_NON_LITERAL_NULL_CONVERSION = YES;
				CLANG_WARN_OBJC_IMPLICIT_RETAIN_SELF = YES;
				CLANG_WARN_OBJC_LITERAL_CONVERSION = YES;
				CLANG_WARN_OBJC_ROOT_CLASS = YES_ERROR;
				CLANG_WARN_QUOTED_INCLUDE_IN_FRAMEWORK_HEADER = YES;
				CLANG_WARN_RANGE_LOOP_ANALYSIS = YES;
				CLANG_WARN_STRICT_PROTOTYPES = YES;
				CLANG_WARN_SUSPICIOUS_MOVE = YES;
				CLANG_WARN_UNGUARDED_AVAILABILITY = YES_AGGRESSIVE;
				CLANG_WARN_UNREACHABLE_CODE = YES;
				CLANG_WARN__DUPLICATE_METHOD_MATCH = YES;
				COPY_PHASE_STRIP = NO;
				DEBUG_INFORMATION_FORMAT = "dwarf-with-dsym";
				ENABLE_NS_ASSERTIONS = NO;
				ENABLE_STRICT_OBJC_MSGSEND = YES;
				ENABLE_USER_SCRIPT_SANDBOXING = YES;
				GCC_C_LANGUAGE_STANDARD = gnu17;
				GCC_NO_COMMON_BLOCKS = YES;
				GCC_WARN_64_TO_32_BIT_CONVERSION = YES;
				GCC_WARN_ABOUT_RETURN_TYPE = YES_ERROR;
				GCC_WARN_UNDECLARED_SELECTOR = YES;
				GCC_WARN_UNINITIALIZED_AUTOS = YES_AGGRESSIVE;
				GCC_WARN_UNUSED_FUNCTION = YES;
				GCC_WARN_UNUSED_VARIABLE = YES;
				IPHONEOS_DEPLOYMENT_TARGET = 18.2;
				LOCALIZATION_PREFERS_STRING_CATALOGS = YES;
				MTL_ENABLE_DEBUG_INFO = NO;
				MTL_FAST_MATH = YES;
				SDKROOT = iphoneos;
				SWIFT_COMPILATION_MODE = wholemodule;
				VALIDATE_PRODUCT = YES;
			};
			name = Release;
		};
		19178AA12E81F6D8004D0154 /* Debug */ = {
			isa = XCBuildConfiguration;
			buildSettings = {
				ASSETCATALOG_COMPILER_APPICON_NAME = AppIcon;
				ASSETCATALOG_COMPILER_GLOBAL_ACCENT_COLOR_NAME = AccentColor;
				CODE_SIGN_STYLE = Automatic;
				CURRENT_PROJECT_VERSION = 1;
				DEVELOPMENT_ASSET_PATHS = "\"SignSimplePDF/Preview Content\"";
				DEVELOPMENT_TEAM = 33L9J8BB3A;
				ENABLE_PREVIEWS = YES;
				GENERATE_INFOPLIST_FILE = YES;
				INFOPLIST_KEY_UIApplicationSceneManifest_Generation = YES;
				INFOPLIST_KEY_UIApplicationSupportsIndirectInputEvents = YES;
				INFOPLIST_KEY_UILaunchScreen_Generation = YES;
				INFOPLIST_KEY_UISupportedInterfaceOrientations_iPad = "UIInterfaceOrientationPortrait UIInterfaceOrientationPortraitUpsideDown UIInterfaceOrientationLandscapeLeft UIInterfaceOrientationLandscapeRight";
				INFOPLIST_KEY_UISupportedInterfaceOrientations_iPhone = "UIInterfaceOrientationPortrait UIInterfaceOrientationLandscapeLeft UIInterfaceOrientationLandscapeRight";
				LD_RUNPATH_SEARCH_PATHS = (
					"$(inherited)",
					"@executable_path/Frameworks",
				);
				MARKETING_VERSION = 1.0;
				PRODUCT_BUNDLE_IDENTIFIER = com.noworrieslifestyle.SimpleSignPDF;
				PRODUCT_NAME = "$(TARGET_NAME)";
				SWIFT_EMIT_LOC_STRINGS = YES;
				SWIFT_VERSION = 5.0;
				TARGETED_DEVICE_FAMILY = "1,2";
			};
			name = Debug;
		};
		19178AA22E81F6D8004D0154 /* Release */ = {
			isa = XCBuildConfiguration;
			buildSettings = {
				ASSETCATALOG_COMPILER_APPICON_NAME = AppIcon;
				ASSETCATALOG_COMPILER_GLOBAL_ACCENT_COLOR_NAME = AccentColor;
				CODE_SIGN_STYLE = Automatic;
				CURRENT_PROJECT_VERSION = 1;
				DEVELOPMENT_ASSET_PATHS = "\"SignSimplePDF/Preview Content\"";
				DEVELOPMENT_TEAM = 33L9J8BB3A;
				ENABLE_PREVIEWS = YES;
				GENERATE_INFOPLIST_FILE = YES;
				INFOPLIST_KEY_UIApplicationSceneManifest_Generation = YES;
				INFOPLIST_KEY_UIApplicationSupportsIndirectInputEvents = YES;
				INFOPLIST_KEY_UILaunchScreen_Generation = YES;
				INFOPLIST_KEY_UISupportedInterfaceOrientations_iPad = "UIInterfaceOrientationPortrait UIInterfaceOrientationPortraitUpsideDown UIInterfaceOrientationLandscapeLeft UIInterfaceOrientationLandscapeRight";
				INFOPLIST_KEY_UISupportedInterfaceOrientations_iPhone = "UIInterfaceOrientationPortrait UIInterfaceOrientationLandscapeLeft UIInterfaceOrientationLandscapeRight";
				LD_RUNPATH_SEARCH_PATHS = (
					"$(inherited)",
					"@executable_path/Frameworks",
				);
				MARKETING_VERSION = 1.0;
				PRODUCT_BUNDLE_IDENTIFIER = com.noworrieslifestyle.SimpleSignPDF;
				PRODUCT_NAME = "$(TARGET_NAME)";
				SWIFT_EMIT_LOC_STRINGS = YES;
				SWIFT_VERSION = 5.0;
				TARGETED_DEVICE_FAMILY = "1,2";
			};
			name = Release;
		};
		19178AA42E81F6D8004D0154 /* Debug */ = {
			isa = XCBuildConfiguration;
			buildSettings = {
				BUNDLE_LOADER = "$(TEST_HOST)";
				CODE_SIGN_STYLE = Automatic;
				CURRENT_PROJECT_VERSION = 1;
				DEVELOPMENT_TEAM = 33L9J8BB3A;
				GENERATE_INFOPLIST_FILE = YES;
				IPHONEOS_DEPLOYMENT_TARGET = 18.2;
				MARKETING_VERSION = 1.0;
				PRODUCT_BUNDLE_IDENTIFIER = com.noworrieslifestyle.SimpleSignPDFTests;
				PRODUCT_NAME = "$(TARGET_NAME)";
				SWIFT_EMIT_LOC_STRINGS = NO;
				SWIFT_VERSION = 5.0;
				TARGETED_DEVICE_FAMILY = "1,2";
				TEST_HOST = "$(BUILT_PRODUCTS_DIR)/SimpleSignPDF.app/$(BUNDLE_EXECUTABLE_FOLDER_PATH)/SimpleSignPDF";
			};
			name = Debug;
		};
		19178AA52E81F6D8004D0154 /* Release */ = {
			isa = XCBuildConfiguration;
			buildSettings = {
				BUNDLE_LOADER = "$(TEST_HOST)";
				CODE_SIGN_STYLE = Automatic;
				CURRENT_PROJECT_VERSION = 1;
				DEVELOPMENT_TEAM = 33L9J8BB3A;
				GENERATE_INFOPLIST_FILE = YES;
				IPHONEOS_DEPLOYMENT_TARGET = 18.2;
				MARKETING_VERSION = 1.0;
				PRODUCT_BUNDLE_IDENTIFIER = com.noworrieslifestyle.SimpleSignPDFTests;
				PRODUCT_NAME = "$(TARGET_NAME)";
				SWIFT_EMIT_LOC_STRINGS = NO;
				SWIFT_VERSION = 5.0;
				TARGETED_DEVICE_FAMILY = "1,2";
				TEST_HOST = "$(BUILT_PRODUCTS_DIR)/SimpleSignPDF.app/$(BUNDLE_EXECUTABLE_FOLDER_PATH)/SimpleSignPDF";
			};
			name = Release;
		};
		19178AA72E81F6D8004D0154 /* Debug */ = {
			isa = XCBuildConfiguration;
			buildSettings = {
				CODE_SIGN_STYLE = Automatic;
				CURRENT_PROJECT_VERSION = 1;
				DEVELOPMENT_TEAM = 33L9J8BB3A;
				GENERATE_INFOPLIST_FILE = YES;
				MARKETING_VERSION = 1.0;
				PRODUCT_BUNDLE_IDENTIFIER = com.noworrieslifestyle.SimpleSignPDFUITests;
				PRODUCT_NAME = "$(TARGET_NAME)";
				SWIFT_EMIT_LOC_STRINGS = NO;
				SWIFT_VERSION = 5.0;
				TARGETED_DEVICE_FAMILY = "1,2";
				TEST_TARGET_NAME = SimpleSignPDF;
			};
			name = Debug;
		};
		19178AA82E81F6D8004D0154 /* Release */ = {
			isa = XCBuildConfiguration;
			buildSettings = {
				CODE_SIGN_STYLE = Automatic;
				CURRENT_PROJECT_VERSION = 1;
				DEVELOPMENT_TEAM = 33L9J8BB3A;
				GENERATE_INFOPLIST_FILE = YES;
				MARKETING_VERSION = 1.0;
				PRODUCT_BUNDLE_IDENTIFIER = com.noworrieslifestyle.SimpleSignPDFUITests;
				PRODUCT_NAME = "$(TARGET_NAME)";
				SWIFT_EMIT_LOC_STRINGS = NO;
				SWIFT_VERSION = 5.0;
				TARGETED_DEVICE_FAMILY = "1,2";
				TEST_TARGET_NAME = SimpleSignPDF;
			};
			name = Release;
		};
/* End XCBuildConfiguration section */

/* Begin XCConfigurationList section */
		19178A752E81F6D6004D0154 /* Build configuration list for PBXProject "SignSimplePDF" */ = {
			isa = XCConfigurationList;
			buildConfigurations = (
				19178A9E2E81F6D8004D0154 /* Debug */,
				19178A9F2E81F6D8004D0154 /* Release */,
			);
			defaultConfigurationIsVisible = 0;
			defaultConfigurationName = Release;
		};
		19178AA02E81F6D8004D0154 /* Build configuration list for PBXNativeTarget "SimpleSignPDF" */ = {
			isa = XCConfigurationList;
			buildConfigurations = (
				19178AA12E81F6D8004D0154 /* Debug */,
				19178AA22E81F6D8004D0154 /* Release */,
			);
			defaultConfigurationIsVisible = 0;
			defaultConfigurationName = Release;
		};
		19178AA32E81F6D8004D0154 /* Build configuration list for PBXNativeTarget "SimpleSignPDFTests" */ = {
			isa = XCConfigurationList;
			buildConfigurations = (
				19178AA42E81F6D8004D0154 /* Debug */,
				19178AA52E81F6D8004D0154 /* Release */,
			);
			defaultConfigurationIsVisible = 0;
			defaultConfigurationName = Release;
		};
		19178AA62E81F6D8004D0154 /* Build configuration list for PBXNativeTarget "SimpleSignPDFUITests" */ = {
			isa = XCConfigurationList;
			buildConfigurations = (
				19178AA72E81F6D8004D0154 /* Debug */,
				19178AA82E81F6D8004D0154 /* Release */,
			);
			defaultConfigurationIsVisible = 0;
			defaultConfigurationName = Release;
		};
/* End XCConfigurationList section */

/* Begin XCVersionGroup section */
		19F4F9672E9948E40019168D /* DataModel.xcdatamodeld */ = {
			isa = XCVersionGroup;
			children = (
				19F4F9C12E9948E40019168D /* DataModel.xcdatamodel */,
			);
			currentVersion = 19F4F9C12E9948E40019168D /* DataModel.xcdatamodel */;
			path = DataModel.xcdatamodeld;
			sourceTree = "<group>";
			versionGroupType = wrapper.xcdatamodel;
		};
/* End XCVersionGroup section */
	};
	rootObject = 19178A722E81F6D6004D0154 /* Project object */;
}
